
Microsoft Visual Studio Solution File, Format Version 12.00
# Visual Studio 14
VisualStudioVersion = 14.0.25420.1
MinimumVisualStudioVersion = 10.0.40219.1
Project("{FAE04EC0-301F-11D3-BF4B-00C04F79EFBC}") = "PlanetaryGovernor", "PlanetaryGovernor\PlanetaryGovernor.csproj", "{781E3321-038A-49F8-A635-5A8D7FDD9FCE}"
EndProject
Global
	GlobalSection(SolutionConfigurationPlatforms) = preSolution
		Debug|Any CPU = Debug|Any CPU
		Release|Any CPU = Release|Any CPU
	EndGlobalSection
	GlobalSection(ProjectConfigurationPlatforms) = postSolution
		{781E3321-038A-49F8-A635-5A8D7FDD9FCE}.Debug|Any CPU.ActiveCfg = Debug|Any CPU
		{781E3321-038A-49F8-A635-5A8D7FDD9FCE}.Debug|Any CPU.Build.0 = Debug|Any CPU
		{781E3321-038A-49F8-A635-5A8D7FDD9FCE}.Release|Any CPU.ActiveCfg = Release|Any CPU
		{781E3321-038A-49F8-A635-5A8D7FDD9FCE}.Release|Any CPU.Build.0 = Release|Any CPU
	EndGlobalSection
	GlobalSection(SolutionProperties) = preSolution
		HideSolutionNode = FALSE
	EndGlobalSection
EndGlobal
